
Microsoft Visual Studio Solution File, Format Version 12.00
# Visual Studio Version 16
VisualStudioVersion = 16.0.32228.343
MinimumVisualStudioVersion = 10.0.40219.1
Project("{8BC9CEB8-8B4A-11D0-8D11-00A0C91BC942}") = "Sorted Pair Sum by using prateek", "Sorted Pair Sum by using prateek\Sorted Pair Sum by using prateek.vcxproj", "{BEBFD715-5B5E-47A7-BE70-D163B962B361}"
EndProject
Global
	GlobalSection(SolutionConfigurationPlatforms) = preSolution
		Debug|x64 = Debug|x64
		Debug|x86 = Debug|x86
		Release|x64 = Release|x64
		Release|x86 = Release|x86
	EndGlobalSection
	GlobalSection(ProjectConfigurationPlatforms) = postSolution
		{BEBFD715-5B5E-47A7-BE70-D163B962B361}.Debug|x64.ActiveCfg = Debug|x64
		{BEBFD715-5B5E-47A7-BE70-D163B962B361}.Debug|x64.Build.0 = Debug|x64
		{BEBFD715-5B5E-47A7-BE70-D163B962B361}.Debug|x86.ActiveCfg = Debug|Win32
		{BEBFD715-5B5E-47A7-BE70-D163B962B361}.Debug|x86.Build.0 = Debug|Win32
		{BEBFD715-5B5E-47A7-BE70-D163B962B361}.Release|x64.ActiveCfg = Release|x64
		{BEBFD715-5B5E-47A7-BE70-D163B962B361}.Release|x64.Build.0 = Release|x64
		{BEBFD715-5B5E-47A7-BE70-D163B962B361}.Release|x86.ActiveCfg = Release|Win32
		{BEBFD715-5B5E-47A7-BE70-D163B962B361}.Release|x86.Build.0 = Release|Win32
	EndGlobalSection
	GlobalSection(SolutionProperties) = preSolution
		HideSolutionNode = FALSE
	EndGlobalSection
	GlobalSection(ExtensibilityGlobals) = postSolution
		SolutionGuid = {CAAFD428-C205-437A-82E0-09B4DEA52C35}
	EndGlobalSection
EndGlobal
