
Microsoft Visual Studio Solution File, Format Version 12.00
# Visual Studio Version 16
VisualStudioVersion = 16.0.32228.343
MinimumVisualStudioVersion = 10.0.40219.1
Project("{8BC9CEB8-8B4A-11D0-8D11-00A0C91BC942}") = "Reverse of array by prateek", "Reverse of array by prateek\Reverse of array by prateek.vcxproj", "{2DFB53A8-1DE0-4ED2-9751-B18460AFB7FC}"
EndProject
Global
	GlobalSection(SolutionConfigurationPlatforms) = preSolution
		Debug|x64 = Debug|x64
		Debug|x86 = Debug|x86
		Release|x64 = Release|x64
		Release|x86 = Release|x86
	EndGlobalSection
	GlobalSection(ProjectConfigurationPlatforms) = postSolution
		{2DFB53A8-1DE0-4ED2-9751-B18460AFB7FC}.Debug|x64.ActiveCfg = Debug|x64
		{2DFB53A8-1DE0-4ED2-9751-B18460AFB7FC}.Debug|x64.Build.0 = Debug|x64
		{2DFB53A8-1DE0-4ED2-9751-B18460AFB7FC}.Debug|x86.ActiveCfg = Debug|Win32
		{2DFB53A8-1DE0-4ED2-9751-B18460AFB7FC}.Debug|x86.Build.0 = Debug|Win32
		{2DFB53A8-1DE0-4ED2-9751-B18460AFB7FC}.Release|x64.ActiveCfg = Release|x64
		{2DFB53A8-1DE0-4ED2-9751-B18460AFB7FC}.Release|x64.Build.0 = Release|x64
		{2DFB53A8-1DE0-4ED2-9751-B18460AFB7FC}.Release|x86.ActiveCfg = Release|Win32
		{2DFB53A8-1DE0-4ED2-9751-B18460AFB7FC}.Release|x86.Build.0 = Release|Win32
	EndGlobalSection
	GlobalSection(SolutionProperties) = preSolution
		HideSolutionNode = FALSE
	EndGlobalSection
	GlobalSection(ExtensibilityGlobals) = postSolution
		SolutionGuid = {D49BB3F8-0E03-4103-BD2B-73B641D97424}
	EndGlobalSection
EndGlobal
